// !$*UTF8*$!
{
	archiveVersion = 1;
	classes = {
	};
	objectVersion = 55;
	objects = {

/* Begin PBXBuildFile section */
		8449878B27A59F88007432F1 /* SettingsViewController.swift in Sources */ = {isa = PBXBuildFile; fileRef = 8449878A27A59F88007432F1 /* SettingsViewController.swift */; };
		8449878E27A5BCA8007432F1 /* TextFieldTableViewCell.swift in Sources */ = {isa = PBXBuildFile; fileRef = 8449878D27A5BCA8007432F1 /* TextFieldTableViewCell.swift */; };
		8449879127A5D4CB007432F1 /* UIView+isKeyboardDismissedTappedOutside.swift in Sources */ = {isa = PBXBuildFile; fileRef = 8449879027A5D4CB007432F1 /* UIView+isKeyboardDismissedTappedOutside.swift */; };
		844987B727A74348007432F1 /* MainViewDrawer.swift in Sources */ = {isa = PBXBuildFile; fileRef = 844987B627A74348007432F1 /* MainViewDrawer.swift */; };
		844987BA27A74782007432F1 /* MainViewDrawerDelegate.swift in Sources */ = {isa = PBXBuildFile; fileRef = 844987B927A74782007432F1 /* MainViewDrawerDelegate.swift */; };
		844987C427A87742007432F1 /* ResponseEntity.swift in Sources */ = {isa = PBXBuildFile; fileRef = 844987C327A87742007432F1 /* ResponseEntity.swift */; };
		844987C727A87DD7007432F1 /* MainPresenter.swift in Sources */ = {isa = PBXBuildFile; fileRef = 844987C627A87DD7007432F1 /* MainPresenter.swift */; };
		844987CA27A87E76007432F1 /* MainViewProtocol.swift in Sources */ = {isa = PBXBuildFile; fileRef = 844987C927A87E76007432F1 /* MainViewProtocol.swift */; };
		844987CC27A87FAA007432F1 /* MainNetworkLayer.swift in Sources */ = {isa = PBXBuildFile; fileRef = 844987CB27A87FAA007432F1 /* MainNetworkLayer.swift */; };
		844987CF27A88E5B007432F1 /* MainNetworkLayerDelegate.swift in Sources */ = {isa = PBXBuildFile; fileRef = 844987CE27A88E5B007432F1 /* MainNetworkLayerDelegate.swift */; };
		844987D227A8AAE9007432F1 /* MainModuleBuilder.swift in Sources */ = {isa = PBXBuildFile; fileRef = 844987D127A8AAE9007432F1 /* MainModuleBuilder.swift */; };
		846BA06627A33E22001A25E8 /* AppDelegate.swift in Sources */ = {isa = PBXBuildFile; fileRef = 846BA06527A33E22001A25E8 /* AppDelegate.swift */; };
		846BA06827A33E22001A25E8 /* SceneDelegate.swift in Sources */ = {isa = PBXBuildFile; fileRef = 846BA06727A33E22001A25E8 /* SceneDelegate.swift */; };
		846BA06F27A33E24001A25E8 /* Assets.xcassets in Resources */ = {isa = PBXBuildFile; fileRef = 846BA06E27A33E24001A25E8 /* Assets.xcassets */; };
		846BA07D27A34036001A25E8 /* MainViewController.swift in Sources */ = {isa = PBXBuildFile; fileRef = 846BA07C27A34036001A25E8 /* MainViewController.swift */; };
		846BA07F27A38257001A25E8 /* TabBarController.swift in Sources */ = {isa = PBXBuildFile; fileRef = 846BA07E27A38257001A25E8 /* TabBarController.swift */; };
/* End PBXBuildFile section */

/* Begin PBXFileReference section */
		8449878A27A59F88007432F1 /* SettingsViewController.swift */ = {isa = PBXFileReference; lastKnownFileType = sourcecode.swift; path = SettingsViewController.swift; sourceTree = "<group>"; wrapsLines = 1; };
		8449878D27A5BCA8007432F1 /* TextFieldTableViewCell.swift */ = {isa = PBXFileReference; lastKnownFileType = sourcecode.swift; path = TextFieldTableViewCell.swift; sourceTree = "<group>"; };
		8449879027A5D4CB007432F1 /* UIView+isKeyboardDismissedTappedOutside.swift */ = {isa = PBXFileReference; lastKnownFileType = sourcecode.swift; path = "UIView+isKeyboardDismissedTappedOutside.swift"; sourceTree = "<group>"; wrapsLines = 0; };
		844987B627A74348007432F1 /* MainViewDrawer.swift */ = {isa = PBXFileReference; lastKnownFileType = sourcecode.swift; path = MainViewDrawer.swift; sourceTree = "<group>"; wrapsLines = 1; };
		844987B927A74782007432F1 /* MainViewDrawerDelegate.swift */ = {isa = PBXFileReference; lastKnownFileType = sourcecode.swift; path = MainViewDrawerDelegate.swift; sourceTree = "<group>"; wrapsLines = 1; };
		844987C327A87742007432F1 /* ResponseEntity.swift */ = {isa = PBXFileReference; lastKnownFileType = sourcecode.swift; path = ResponseEntity.swift; sourceTree = "<group>"; };
		844987C627A87DD7007432F1 /* MainPresenter.swift */ = {isa = PBXFileReference; lastKnownFileType = sourcecode.swift; path = MainPresenter.swift; sourceTree = "<group>"; };
		844987C927A87E76007432F1 /* MainViewProtocol.swift */ = {isa = PBXFileReference; lastKnownFileType = sourcecode.swift; path = MainViewProtocol.swift; sourceTree = "<group>"; };
		844987CB27A87FAA007432F1 /* MainNetworkLayer.swift */ = {isa = PBXFileReference; lastKnownFileType = sourcecode.swift; path = MainNetworkLayer.swift; sourceTree = "<group>"; };
		844987CE27A88E5B007432F1 /* MainNetworkLayerDelegate.swift */ = {isa = PBXFileReference; lastKnownFileType = sourcecode.swift; path = MainNetworkLayerDelegate.swift; sourceTree = "<group>"; };
		844987D127A8AAE9007432F1 /* MainModuleBuilder.swift */ = {isa = PBXFileReference; lastKnownFileType = sourcecode.swift; path = MainModuleBuilder.swift; sourceTree = "<group>"; };
		846BA06227A33E22001A25E8 /* EightBall.app */ = {isa = PBXFileReference; explicitFileType = wrapper.application; includeInIndex = 0; path = EightBall.app; sourceTree = BUILT_PRODUCTS_DIR; };
		846BA06527A33E22001A25E8 /* AppDelegate.swift */ = {isa = PBXFileReference; lastKnownFileType = sourcecode.swift; path = AppDelegate.swift; sourceTree = "<group>"; };
		846BA06727A33E22001A25E8 /* SceneDelegate.swift */ = {isa = PBXFileReference; lastKnownFileType = sourcecode.swift; path = SceneDelegate.swift; sourceTree = "<group>"; };
		846BA06E27A33E24001A25E8 /* Assets.xcassets */ = {isa = PBXFileReference; lastKnownFileType = folder.assetcatalog; path = Assets.xcassets; sourceTree = "<group>"; };
		846BA07327A33E24001A25E8 /* Info.plist */ = {isa = PBXFileReference; lastKnownFileType = text.plist.xml; path = Info.plist; sourceTree = "<group>"; };
		846BA07C27A34036001A25E8 /* MainViewController.swift */ = {isa = PBXFileReference; lastKnownFileType = sourcecode.swift; path = MainViewController.swift; sourceTree = "<group>"; wrapsLines = 1; };
		846BA07E27A38257001A25E8 /* TabBarController.swift */ = {isa = PBXFileReference; lastKnownFileType = sourcecode.swift; path = TabBarController.swift; sourceTree = "<group>"; };
/* End PBXFileReference section */

/* Begin PBXFrameworksBuildPhase section */
		846BA05F27A33E21001A25E8 /* Frameworks */ = {
			isa = PBXFrameworksBuildPhase;
			buildActionMask = 2147483647;
			files = (
			);
			runOnlyForDeploymentPostprocessing = 0;
		};
/* End PBXFrameworksBuildPhase section */

/* Begin PBXGroup section */
		8449878C27A5BC92007432F1 /* Cells */ = {
			isa = PBXGroup;
			children = (
				8449878D27A5BCA8007432F1 /* TextFieldTableViewCell.swift */,
			);
			path = Cells;
			sourceTree = "<group>";
		};
		8449878F27A5D3F7007432F1 /* Extensions */ = {
			isa = PBXGroup;
			children = (
				8449879027A5D4CB007432F1 /* UIView+isKeyboardDismissedTappedOutside.swift */,
			);
			path = Extensions;
			sourceTree = "<group>";
		};
		844987B527A74311007432F1 /* Services */ = {
			isa = PBXGroup;
			children = (
				844987B627A74348007432F1 /* MainViewDrawer.swift */,
			);
			path = Services;
			sourceTree = "<group>";
		};
		844987B827A74773007432F1 /* Protocols */ = {
			isa = PBXGroup;
			children = (
				844987C827A87E2B007432F1 /* Services */,
				844987CD27A88E4C007432F1 /* Main */,
			);
			path = Protocols;
			sourceTree = "<group>";
		};
		844987BD27A86C53007432F1 /* Presenters */ = {
			isa = PBXGroup;
			children = (
				844987C627A87DD7007432F1 /* MainPresenter.swift */,
			);
			path = Presenters;
			sourceTree = "<group>";
		};
		844987C027A874A7007432F1 /* Models */ = {
			isa = PBXGroup;
			children = (
				844987C227A876C9007432F1 /* Entities */,
				844987C127A874AB007432F1 /* Network */,
			);
			path = Models;
			sourceTree = "<group>";
		};
		844987C127A874AB007432F1 /* Network */ = {
			isa = PBXGroup;
			children = (
				844987CB27A87FAA007432F1 /* MainNetworkLayer.swift */,
			);
			path = Network;
			sourceTree = "<group>";
		};
		844987C227A876C9007432F1 /* Entities */ = {
			isa = PBXGroup;
			children = (
				844987C327A87742007432F1 /* ResponseEntity.swift */,
			);
			path = Entities;
			sourceTree = "<group>";
		};
		844987C827A87E2B007432F1 /* Services */ = {
			isa = PBXGroup;
			children = (
				844987B927A74782007432F1 /* MainViewDrawerDelegate.swift */,
			);
			path = Services;
			sourceTree = "<group>";
		};
		844987CD27A88E4C007432F1 /* Main */ = {
			isa = PBXGroup;
			children = (
				844987C927A87E76007432F1 /* MainViewProtocol.swift */,
				844987CE27A88E5B007432F1 /* MainNetworkLayerDelegate.swift */,
			);
			path = Main;
			sourceTree = "<group>";
		};
		844987D027A8AAD1007432F1 /* Builders */ = {
			isa = PBXGroup;
			children = (
				844987D127A8AAE9007432F1 /* MainModuleBuilder.swift */,
			);
			path = Builders;
			sourceTree = "<group>";
		};
		846BA05927A33E21001A25E8 = {
			isa = PBXGroup;
			children = (
				846BA06427A33E22001A25E8 /* EightBall */,
				846BA06327A33E22001A25E8 /* Products */,
			);
			sourceTree = "<group>";
		};
		846BA06327A33E22001A25E8 /* Products */ = {
			isa = PBXGroup;
			children = (
				846BA06227A33E22001A25E8 /* EightBall.app */,
			);
			name = Products;
			sourceTree = "<group>";
		};
		846BA06427A33E22001A25E8 /* EightBall */ = {
			isa = PBXGroup;
			children = (
				846BA07327A33E24001A25E8 /* Info.plist */,
				8449878F27A5D3F7007432F1 /* Extensions */,
				846BA07927A33F6A001A25E8 /* SystemDelegates */,
				844987D027A8AAD1007432F1 /* Builders */,
				844987B827A74773007432F1 /* Protocols */,
				844987C027A874A7007432F1 /* Models */,
				846BA07B27A34022001A25E8 /* Views */,
				844987BD27A86C53007432F1 /* Presenters */,
				846BA07A27A33F92001A25E8 /* Assets */,
			);
			path = EightBall;
			sourceTree = "<group>";
		};
		846BA07927A33F6A001A25E8 /* SystemDelegates */ = {
			isa = PBXGroup;
			children = (
				846BA06527A33E22001A25E8 /* AppDelegate.swift */,
				846BA06727A33E22001A25E8 /* SceneDelegate.swift */,
			);
			path = SystemDelegates;
			sourceTree = "<group>";
		};
		846BA07A27A33F92001A25E8 /* Assets */ = {
			isa = PBXGroup;
			children = (
				846BA06E27A33E24001A25E8 /* Assets.xcassets */,
			);
			path = Assets;
			sourceTree = "<group>";
		};
		846BA07B27A34022001A25E8 /* Views */ = {
			isa = PBXGroup;
			children = (
				844987B527A74311007432F1 /* Services */,
				8449878C27A5BC92007432F1 /* Cells */,
				846BA07E27A38257001A25E8 /* TabBarController.swift */,
				846BA07C27A34036001A25E8 /* MainViewController.swift */,
				8449878A27A59F88007432F1 /* SettingsViewController.swift */,
			);
			path = Views;
			sourceTree = "<group>";
		};
/* End PBXGroup section */

/* Begin PBXNativeTarget section */
		846BA06127A33E21001A25E8 /* EightBall */ = {
			isa = PBXNativeTarget;
			buildConfigurationList = 846BA07627A33E24001A25E8 /* Build configuration list for PBXNativeTarget "EightBall" */;
			buildPhases = (
				846BA05E27A33E21001A25E8 /* Sources */,
				846BA05F27A33E21001A25E8 /* Frameworks */,
				846BA06027A33E21001A25E8 /* Resources */,
			);
			buildRules = (
			);
			dependencies = (
			);
			name = EightBall;
			productName = EightBall;
			productReference = 846BA06227A33E22001A25E8 /* EightBall.app */;
			productType = "com.apple.product-type.application";
		};
/* End PBXNativeTarget section */

/* Begin PBXProject section */
		846BA05A27A33E21001A25E8 /* Project object */ = {
			isa = PBXProject;
			attributes = {
				BuildIndependentTargetsInParallel = 1;
				LastSwiftUpdateCheck = 1320;
				LastUpgradeCheck = 1320;
				TargetAttributes = {
					846BA06127A33E21001A25E8 = {
						CreatedOnToolsVersion = 13.2.1;
					};
				};
			};
			buildConfigurationList = 846BA05D27A33E21001A25E8 /* Build configuration list for PBXProject "EightBall" */;
			compatibilityVersion = "Xcode 13.0";
			developmentRegion = en;
			hasScannedForEncodings = 0;
			knownRegions = (
				en,
				Base,
			);
			mainGroup = 846BA05927A33E21001A25E8;
			productRefGroup = 846BA06327A33E22001A25E8 /* Products */;
			projectDirPath = "";
			projectRoot = "";
			targets = (
				846BA06127A33E21001A25E8 /* EightBall */,
			);
		};
/* End PBXProject section */

/* Begin PBXResourcesBuildPhase section */
		846BA06027A33E21001A25E8 /* Resources */ = {
			isa = PBXResourcesBuildPhase;
			buildActionMask = 2147483647;
			files = (
				846BA06F27A33E24001A25E8 /* Assets.xcassets in Resources */,
			);
			runOnlyForDeploymentPostprocessing = 0;
		};
/* End PBXResourcesBuildPhase section */

/* Begin PBXSourcesBuildPhase section */
		846BA05E27A33E21001A25E8 /* Sources */ = {
			isa = PBXSourcesBuildPhase;
			buildActionMask = 2147483647;
			files = (
				846BA07D27A34036001A25E8 /* MainViewController.swift in Sources */,
				844987BA27A74782007432F1 /* MainViewDrawerDelegate.swift in Sources */,
				844987CC27A87FAA007432F1 /* MainNetworkLayer.swift in Sources */,
				844987CF27A88E5B007432F1 /* MainNetworkLayerDelegate.swift in Sources */,
				846BA07F27A38257001A25E8 /* TabBarController.swift in Sources */,
				844987B727A74348007432F1 /* MainViewDrawer.swift in Sources */,
				846BA06627A33E22001A25E8 /* AppDelegate.swift in Sources */,
				844987C427A87742007432F1 /* ResponseEntity.swift in Sources */,
				844987CA27A87E76007432F1 /* MainViewProtocol.swift in Sources */,
				8449878E27A5BCA8007432F1 /* TextFieldTableViewCell.swift in Sources */,
				8449878B27A59F88007432F1 /* SettingsViewController.swift in Sources */,
				844987C727A87DD7007432F1 /* MainPresenter.swift in Sources */,
				846BA06827A33E22001A25E8 /* SceneDelegate.swift in Sources */,
				844987D227A8AAE9007432F1 /* MainModuleBuilder.swift in Sources */,
				8449879127A5D4CB007432F1 /* UIView+isKeyboardDismissedTappedOutside.swift in Sources */,
			);
			runOnlyForDeploymentPostprocessing = 0;
		};
/* End PBXSourcesBuildPhase section */

/* Begin XCBuildConfiguration section */
		846BA07427A33E24001A25E8 /* Debug */ = {
			isa = XCBuildConfiguration;
			buildSettings = {
				ALWAYS_SEARCH_USER_PATHS = NO;
				CLANG_ANALYZER_NONNULL = YES;
				CLANG_ANALYZER_NUMBER_OBJECT_CONVERSION = YES_AGGRESSIVE;
				CLANG_CXX_LANGUAGE_STANDARD = "gnu++17";
				CLANG_CXX_LIBRARY = "libc++";
				CLANG_ENABLE_MODULES = YES;
				CLANG_ENABLE_OBJC_ARC = YES;
				CLANG_ENABLE_OBJC_WEAK = YES;
				CLANG_WARN_BLOCK_CAPTURE_AUTORELEASING = YES;
				CLANG_WARN_BOOL_CONVERSION = YES;
				CLANG_WARN_COMMA = YES;
				CLANG_WARN_CONSTANT_CONVERSION = YES;
				CLANG_WARN_DEPRECATED_OBJC_IMPLEMENTATIONS = YES;
				CLANG_WARN_DIRECT_OBJC_ISA_USAGE = YES_ERROR;
				CLANG_WARN_DOCUMENTATION_COMMENTS = YES;
				CLANG_WARN_EMPTY_BODY = YES;
				CLANG_WARN_ENUM_CONVERSION = YES;
				CLANG_WARN_INFINITE_RECURSION = YES;
				CLANG_WARN_INT_CONVERSION = YES;
				CLANG_WARN_NON_LITERAL_NULL_CONVERSION = YES;
				CLANG_WARN_OBJC_IMPLICIT_RETAIN_SELF = YES;
				CLANG_WARN_OBJC_LITERAL_CONVERSION = YES;
				CLANG_WARN_OBJC_ROOT_CLASS = YES_ERROR;
				CLANG_WARN_QUOTED_INCLUDE_IN_FRAMEWORK_HEADER = YES;
				CLANG_WARN_RANGE_LOOP_ANALYSIS = YES;
				CLANG_WARN_STRICT_PROTOTYPES = YES;
				CLANG_WARN_SUSPICIOUS_MOVE = YES;
				CLANG_WARN_UNGUARDED_AVAILABILITY = YES_AGGRESSIVE;
				CLANG_WARN_UNREACHABLE_CODE = YES;
				CLANG_WARN__DUPLICATE_METHOD_MATCH = YES;
				COPY_PHASE_STRIP = NO;
				DEBUG_INFORMATION_FORMAT = dwarf;
				ENABLE_STRICT_OBJC_MSGSEND = YES;
				ENABLE_TESTABILITY = YES;
				GCC_C_LANGUAGE_STANDARD = gnu11;
				GCC_DYNAMIC_NO_PIC = NO;
				GCC_NO_COMMON_BLOCKS = YES;
				GCC_OPTIMIZATION_LEVEL = 0;
				GCC_PREPROCESSOR_DEFINITIONS = (
					"DEBUG=1",
					"$(inherited)",
				);
				GCC_WARN_64_TO_32_BIT_CONVERSION = YES;
				GCC_WARN_ABOUT_RETURN_TYPE = YES_ERROR;
				GCC_WARN_UNDECLARED_SELECTOR = YES;
				GCC_WARN_UNINITIALIZED_AUTOS = YES_AGGRESSIVE;
				GCC_WARN_UNUSED_FUNCTION = YES;
				GCC_WARN_UNUSED_VARIABLE = YES;
				IPHONEOS_DEPLOYMENT_TARGET = 15.2;
				MTL_ENABLE_DEBUG_INFO = INCLUDE_SOURCE;
				MTL_FAST_MATH = YES;
				ONLY_ACTIVE_ARCH = YES;
				SDKROOT = iphoneos;
				SWIFT_ACTIVE_COMPILATION_CONDITIONS = DEBUG;
				SWIFT_OPTIMIZATION_LEVEL = "-Onone";
			};
			name = Debug;
		};
		846BA07527A33E24001A25E8 /* Release */ = {
			isa = XCBuildConfiguration;
			buildSettings = {
				ALWAYS_SEARCH_USER_PATHS = NO;
				CLANG_ANALYZER_NONNULL = YES;
				CLANG_ANALYZER_NUMBER_OBJECT_CONVERSION = YES_AGGRESSIVE;
				CLANG_CXX_LANGUAGE_STANDARD = "gnu++17";
				CLANG_CXX_LIBRARY = "libc++";
				CLANG_ENABLE_MODULES = YES;
				CLANG_ENABLE_OBJC_ARC = YES;
				CLANG_ENABLE_OBJC_WEAK = YES;
				CLANG_WARN_BLOCK_CAPTURE_AUTORELEASING = YES;
				CLANG_WARN_BOOL_CONVERSION = YES;
				CLANG_WARN_COMMA = YES;
				CLANG_WARN_CONSTANT_CONVERSION = YES;
				CLANG_WARN_DEPRECATED_OBJC_IMPLEMENTATIONS = YES;
				CLANG_WARN_DIRECT_OBJC_ISA_USAGE = YES_ERROR;
				CLANG_WARN_DOCUMENTATION_COMMENTS = YES;
				CLANG_WARN_EMPTY_BODY = YES;
				CLANG_WARN_ENUM_CONVERSION = YES;
				CLANG_WARN_INFINITE_RECURSION = YES;
				CLANG_WARN_INT_CONVERSION = YES;
				CLANG_WARN_NON_LITERAL_NULL_CONVERSION = YES;
				CLANG_WARN_OBJC_IMPLICIT_RETAIN_SELF = YES;
				CLANG_WARN_OBJC_LITERAL_CONVERSION = YES;
				CLANG_WARN_OBJC_ROOT_CLASS = YES_ERROR;
				CLANG_WARN_QUOTED_INCLUDE_IN_FRAMEWORK_HEADER = YES;
				CLANG_WARN_RANGE_LOOP_ANALYSIS = YES;
				CLANG_WARN_STRICT_PROTOTYPES = YES;
				CLANG_WARN_SUSPICIOUS_MOVE = YES;
				CLANG_WARN_UNGUARDED_AVAILABILITY = YES_AGGRESSIVE;
				CLANG_WARN_UNREACHABLE_CODE = YES;
				CLANG_WARN__DUPLICATE_METHOD_MATCH = YES;
				COPY_PHASE_STRIP = NO;
				DEBUG_INFORMATION_FORMAT = "dwarf-with-dsym";
				ENABLE_NS_ASSERTIONS = NO;
				ENABLE_STRICT_OBJC_MSGSEND = YES;
				GCC_C_LANGUAGE_STANDARD = gnu11;
				GCC_NO_COMMON_BLOCKS = YES;
				GCC_WARN_64_TO_32_BIT_CONVERSION = YES;
				GCC_WARN_ABOUT_RETURN_TYPE = YES_ERROR;
				GCC_WARN_UNDECLARED_SELECTOR = YES;
				GCC_WARN_UNINITIALIZED_AUTOS = YES_AGGRESSIVE;
				GCC_WARN_UNUSED_FUNCTION = YES;
				GCC_WARN_UNUSED_VARIABLE = YES;
				IPHONEOS_DEPLOYMENT_TARGET = 15.2;
				MTL_ENABLE_DEBUG_INFO = NO;
				MTL_FAST_MATH = YES;
				SDKROOT = iphoneos;
				SWIFT_COMPILATION_MODE = wholemodule;
				SWIFT_OPTIMIZATION_LEVEL = "-O";
				VALIDATE_PRODUCT = YES;
			};
			name = Release;
		};
		846BA07727A33E24001A25E8 /* Debug */ = {
			isa = XCBuildConfiguration;
			buildSettings = {
				ASSETCATALOG_COMPILER_APPICON_NAME = AppIcon;
				ASSETCATALOG_COMPILER_GLOBAL_ACCENT_COLOR_NAME = AccentColor;
				CODE_SIGN_STYLE = Automatic;
				CURRENT_PROJECT_VERSION = 1;
				GENERATE_INFOPLIST_FILE = YES;
				INFOPLIST_FILE = EightBall/Info.plist;
				INFOPLIST_KEY_UIApplicationSupportsIndirectInputEvents = YES;
				INFOPLIST_KEY_UILaunchStoryboardName = LaunchScreen;
				INFOPLIST_KEY_UISupportedInterfaceOrientations = UIInterfaceOrientationPortrait;
				INFOPLIST_KEY_UISupportedInterfaceOrientations_iPad = "UIInterfaceOrientationPortrait UIInterfaceOrientationPortraitUpsideDown UIInterfaceOrientationLandscapeLeft UIInterfaceOrientationLandscapeRight";
				INFOPLIST_KEY_UISupportedInterfaceOrientations_iPhone = UIInterfaceOrientationPortrait;
				IPHONEOS_DEPLOYMENT_TARGET = 14.0;
				LD_RUNPATH_SEARCH_PATHS = (
					"$(inherited)",
					"@executable_path/Frameworks",
				);
				MARKETING_VERSION = 0.1.0;
				PRODUCT_BUNDLE_IDENTIFIER = OstapTyvonovych.EightBall;
				PRODUCT_NAME = "$(TARGET_NAME)";
				SWIFT_EMIT_LOC_STRINGS = YES;
				SWIFT_VERSION = 5.0;
				TARGETED_DEVICE_FAMILY = "1,2";
			};
			name = Debug;
		};
		846BA07827A33E24001A25E8 /* Release */ = {
			isa = XCBuildConfiguration;
			buildSettings = {
				ASSETCATALOG_COMPILER_APPICON_NAME = AppIcon;
				ASSETCATALOG_COMPILER_GLOBAL_ACCENT_COLOR_NAME = AccentColor;
				CODE_SIGN_STYLE = Automatic;
				CURRENT_PROJECT_VERSION = 1;
				GENERATE_INFOPLIST_FILE = YES;
				INFOPLIST_FILE = EightBall/Info.plist;
				INFOPLIST_KEY_UIApplicationSupportsIndirectInputEvents = YES;
				INFOPLIST_KEY_UILaunchStoryboardName = LaunchScreen;
				INFOPLIST_KEY_UISupportedInterfaceOrientations = UIInterfaceOrientationPortrait;
				INFOPLIST_KEY_UISupportedInterfaceOrientations_iPad = "UIInterfaceOrientationPortrait UIInterfaceOrientationPortraitUpsideDown UIInterfaceOrientationLandscapeLeft UIInterfaceOrientationLandscapeRight";
				INFOPLIST_KEY_UISupportedInterfaceOrientations_iPhone = UIInterfaceOrientationPortrait;
				IPHONEOS_DEPLOYMENT_TARGET = 14.0;
				LD_RUNPATH_SEARCH_PATHS = (
					"$(inherited)",
					"@executable_path/Frameworks",
				);
				MARKETING_VERSION = 0.1.0;
				PRODUCT_BUNDLE_IDENTIFIER = OstapTyvonovych.EightBall;
				PRODUCT_NAME = "$(TARGET_NAME)";
				SWIFT_EMIT_LOC_STRINGS = YES;
				SWIFT_VERSION = 5.0;
				TARGETED_DEVICE_FAMILY = "1,2";
			};
			name = Release;
		};
/* End XCBuildConfiguration section */

/* Begin XCConfigurationList section */
		846BA05D27A33E21001A25E8 /* Build configuration list for PBXProject "EightBall" */ = {
			isa = XCConfigurationList;
			buildConfigurations = (
				846BA07427A33E24001A25E8 /* Debug */,
				846BA07527A33E24001A25E8 /* Release */,
			);
			defaultConfigurationIsVisible = 0;
			defaultConfigurationName = Release;
		};
		846BA07627A33E24001A25E8 /* Build configuration list for PBXNativeTarget "EightBall" */ = {
			isa = XCConfigurationList;
			buildConfigurations = (
				846BA07727A33E24001A25E8 /* Debug */,
				846BA07827A33E24001A25E8 /* Release */,
			);
			defaultConfigurationIsVisible = 0;
			defaultConfigurationName = Release;
		};
/* End XCConfigurationList section */
	};
	rootObject = 846BA05A27A33E21001A25E8 /* Project object */;
}
